
Microsoft Visual Studio Solution File, Format Version 12.00
# Visual Studio 15
VisualStudioVersion = 15.0.26124.0
MinimumVisualStudioVersion = 15.0.26124.0
Project("{FAE04EC0-301F-11D3-BF4B-00C04F79EFBC}") = "NumberToWords", "NumberToWords\NumberToWords.csproj", "{8C9CB54B-BBEF-4907-A72C-433D9378DD2E}"
EndProject
Project("{FAE04EC0-301F-11D3-BF4B-00C04F79EFBC}") = "NumberToWords.Test", "NumberToWords.Test\NumberToWords.Test.csproj", "{92A43599-6214-4C19-8E3B-451507BD528E}"
EndProject
Project("{FAE04EC0-301F-11D3-BF4B-00C04F79EFBC}") = "NumberToWords.CLI", "NumberToWords.CLI\NumberToWords.CLI.csproj", "{66309FFB-D9C3-4C7C-B416-A2C689AFE946}"
EndProject
Project("{FAE04EC0-301F-11D3-BF4B-00C04F79EFBC}") = "NumberToWords.Activities", "NumberToWords.Activities\NumberToWords.Activities.csproj", "{AF974ADA-3424-488C-810C-85BCC4C31FF0}"
EndProject
Global
	GlobalSection(SolutionConfigurationPlatforms) = preSolution
		Debug|Any CPU = Debug|Any CPU
		Debug|x64 = Debug|x64
		Debug|x86 = Debug|x86
		Release|Any CPU = Release|Any CPU
		Release|x64 = Release|x64
		Release|x86 = Release|x86
	EndGlobalSection
	GlobalSection(SolutionProperties) = preSolution
		HideSolutionNode = FALSE
	EndGlobalSection
	GlobalSection(ProjectConfigurationPlatforms) = postSolution
		{8C9CB54B-BBEF-4907-A72C-433D9378DD2E}.Debug|Any CPU.ActiveCfg = Debug|Any CPU
		{8C9CB54B-BBEF-4907-A72C-433D9378DD2E}.Debug|Any CPU.Build.0 = Debug|Any CPU
		{8C9CB54B-BBEF-4907-A72C-433D9378DD2E}.Debug|x64.ActiveCfg = Debug|Any CPU
		{8C9CB54B-BBEF-4907-A72C-433D9378DD2E}.Debug|x64.Build.0 = Debug|Any CPU
		{8C9CB54B-BBEF-4907-A72C-433D9378DD2E}.Debug|x86.ActiveCfg = Debug|Any CPU
		{8C9CB54B-BBEF-4907-A72C-433D9378DD2E}.Debug|x86.Build.0 = Debug|Any CPU
		{8C9CB54B-BBEF-4907-A72C-433D9378DD2E}.Release|Any CPU.ActiveCfg = Release|Any CPU
		{8C9CB54B-BBEF-4907-A72C-433D9378DD2E}.Release|Any CPU.Build.0 = Release|Any CPU
		{8C9CB54B-BBEF-4907-A72C-433D9378DD2E}.Release|x64.ActiveCfg = Release|Any CPU
		{8C9CB54B-BBEF-4907-A72C-433D9378DD2E}.Release|x64.Build.0 = Release|Any CPU
		{8C9CB54B-BBEF-4907-A72C-433D9378DD2E}.Release|x86.ActiveCfg = Release|Any CPU
		{8C9CB54B-BBEF-4907-A72C-433D9378DD2E}.Release|x86.Build.0 = Release|Any CPU
		{92A43599-6214-4C19-8E3B-451507BD528E}.Debug|Any CPU.ActiveCfg = Debug|Any CPU
		{92A43599-6214-4C19-8E3B-451507BD528E}.Debug|Any CPU.Build.0 = Debug|Any CPU
		{92A43599-6214-4C19-8E3B-451507BD528E}.Debug|x64.ActiveCfg = Debug|Any CPU
		{92A43599-6214-4C19-8E3B-451507BD528E}.Debug|x64.Build.0 = Debug|Any CPU
		{92A43599-6214-4C19-8E3B-451507BD528E}.Debug|x86.ActiveCfg = Debug|Any CPU
		{92A43599-6214-4C19-8E3B-451507BD528E}.Debug|x86.Build.0 = Debug|Any CPU
		{92A43599-6214-4C19-8E3B-451507BD528E}.Release|Any CPU.ActiveCfg = Release|Any CPU
		{92A43599-6214-4C19-8E3B-451507BD528E}.Release|Any CPU.Build.0 = Release|Any CPU
		{92A43599-6214-4C19-8E3B-451507BD528E}.Release|x64.ActiveCfg = Release|Any CPU
		{92A43599-6214-4C19-8E3B-451507BD528E}.Release|x64.Build.0 = Release|Any CPU
		{92A43599-6214-4C19-8E3B-451507BD528E}.Release|x86.ActiveCfg = Release|Any CPU
		{92A43599-6214-4C19-8E3B-451507BD528E}.Release|x86.Build.0 = Release|Any CPU
		{66309FFB-D9C3-4C7C-B416-A2C689AFE946}.Debug|Any CPU.ActiveCfg = Debug|Any CPU
		{66309FFB-D9C3-4C7C-B416-A2C689AFE946}.Debug|Any CPU.Build.0 = Debug|Any CPU
		{66309FFB-D9C3-4C7C-B416-A2C689AFE946}.Debug|x64.ActiveCfg = Debug|Any CPU
		{66309FFB-D9C3-4C7C-B416-A2C689AFE946}.Debug|x64.Build.0 = Debug|Any CPU
		{66309FFB-D9C3-4C7C-B416-A2C689AFE946}.Debug|x86.ActiveCfg = Debug|Any CPU
		{66309FFB-D9C3-4C7C-B416-A2C689AFE946}.Debug|x86.Build.0 = Debug|Any CPU
		{66309FFB-D9C3-4C7C-B416-A2C689AFE946}.Release|Any CPU.ActiveCfg = Release|Any CPU
		{66309FFB-D9C3-4C7C-B416-A2C689AFE946}.Release|Any CPU.Build.0 = Release|Any CPU
		{66309FFB-D9C3-4C7C-B416-A2C689AFE946}.Release|x64.ActiveCfg = Release|Any CPU
		{66309FFB-D9C3-4C7C-B416-A2C689AFE946}.Release|x64.Build.0 = Release|Any CPU
		{66309FFB-D9C3-4C7C-B416-A2C689AFE946}.Release|x86.ActiveCfg = Release|Any CPU
		{66309FFB-D9C3-4C7C-B416-A2C689AFE946}.Release|x86.Build.0 = Release|Any CPU
		{AF974ADA-3424-488C-810C-85BCC4C31FF0}.Debug|Any CPU.ActiveCfg = Debug|Any CPU
		{AF974ADA-3424-488C-810C-85BCC4C31FF0}.Debug|Any CPU.Build.0 = Debug|Any CPU
		{AF974ADA-3424-488C-810C-85BCC4C31FF0}.Debug|x64.ActiveCfg = Debug|Any CPU
		{AF974ADA-3424-488C-810C-85BCC4C31FF0}.Debug|x64.Build.0 = Debug|Any CPU
		{AF974ADA-3424-488C-810C-85BCC4C31FF0}.Debug|x86.ActiveCfg = Debug|Any CPU
		{AF974ADA-3424-488C-810C-85BCC4C31FF0}.Debug|x86.Build.0 = Debug|Any CPU
		{AF974ADA-3424-488C-810C-85BCC4C31FF0}.Release|Any CPU.ActiveCfg = Release|Any CPU
		{AF974ADA-3424-488C-810C-85BCC4C31FF0}.Release|Any CPU.Build.0 = Release|Any CPU
		{AF974ADA-3424-488C-810C-85BCC4C31FF0}.Release|x64.ActiveCfg = Release|Any CPU
		{AF974ADA-3424-488C-810C-85BCC4C31FF0}.Release|x64.Build.0 = Release|Any CPU
		{AF974ADA-3424-488C-810C-85BCC4C31FF0}.Release|x86.ActiveCfg = Release|Any CPU
		{AF974ADA-3424-488C-810C-85BCC4C31FF0}.Release|x86.Build.0 = Release|Any CPU
	EndGlobalSection
EndGlobal
